
Microsoft Visual Studio Solution File, Format Version 12.00
# Visual Studio Version 16
VisualStudioVersion = 16.0.31321.278
MinimumVisualStudioVersion = 10.0.40219.1
Project("{FAE04EC0-301F-11D3-BF4B-00C04F79EFBC}") = "A2Q12", "A2Q12.csproj", "{86EBA4B5-024F-486F-BA8E-A2A421117031}"
EndProject
Global
	GlobalSection(SolutionConfigurationPlatforms) = preSolution
		Debug|Any CPU = Debug|Any CPU
		Release|Any CPU = Release|Any CPU
	EndGlobalSection
	GlobalSection(ProjectConfigurationPlatforms) = postSolution
		{86EBA4B5-024F-486F-BA8E-A2A421117031}.Debug|Any CPU.ActiveCfg = Debug|Any CPU
		{86EBA4B5-024F-486F-BA8E-A2A421117031}.Debug|Any CPU.Build.0 = Debug|Any CPU
		{86EBA4B5-024F-486F-BA8E-A2A421117031}.Release|Any CPU.ActiveCfg = Release|Any CPU
		{86EBA4B5-024F-486F-BA8E-A2A421117031}.Release|Any CPU.Build.0 = Release|Any CPU
	EndGlobalSection
	GlobalSection(SolutionProperties) = preSolution
		HideSolutionNode = FALSE
	EndGlobalSection
	GlobalSection(ExtensibilityGlobals) = postSolution
		SolutionGuid = {E2C3CD22-EB42-48B3-B9B5-15C1F9FDF8D8}
	EndGlobalSection
EndGlobal
